Microsoft Visual Studio Solution File, Format Version 12.00
# Visual Studio Version 17
VisualStudioVersion = 17.5.2.0
MinimumVisualStudioVersion = 10.0.40219.1
Project("{FAE04EC0-301F-11D3-BF4B-00C04F79EFBC}") = "hospitalMan", "hospitalMan.csproj", "{1253865F-9E2A-4762-9202-C7A4E5D7DF1B}"
EndProject
Global
	GlobalSection(SolutionConfigurationPlatforms) = preSolution
		Debug|Any CPU = Debug|Any CPU
		Release|Any CPU = Release|Any CPU
	EndGlobalSection
	GlobalSection(ProjectConfigurationPlatforms) = postSolution
		{1253865F-9E2A-4762-9202-C7A4E5D7DF1B}.Debug|Any CPU.ActiveCfg = Debug|Any CPU
		{1253865F-9E2A-4762-9202-C7A4E5D7DF1B}.Debug|Any CPU.Build.0 = Debug|Any CPU
		{1253865F-9E2A-4762-9202-C7A4E5D7DF1B}.Release|Any CPU.ActiveCfg = Release|Any CPU
		{1253865F-9E2A-4762-9202-C7A4E5D7DF1B}.Release|Any CPU.Build.0 = Release|Any CPU
	EndGlobalSection
	GlobalSection(SolutionProperties) = preSolution
		HideSolutionNode = FALSE
	EndGlobalSection
	GlobalSection(ExtensibilityGlobals) = postSolution
		SolutionGuid = {50BD5634-EC1F-4372-AF87-CD421E4A6B2D}
	EndGlobalSection
EndGlobal
